{
  "originHash" : "f66c3e3ab88f390408809a94655429df1f366313052254b1c0fe730a6d9b1eb9",
  "pins" : [
    {
      "identity" : "swift-syntax",
      "kind" : "remoteSourceControl",
      "location" : "https://github.com/swiftlang/swift-syntax.git",
      "state" : {
        "revision" : "4799286537280063c85a32f09884cfbca301b1a1",
        "version" : "602.0.0"
      }
    },
    {
      "identity" : "swiftchatcompletionsdsl",
      "kind" : "remoteSourceControl",
      "location" : "https://github.com/RichNasz/SwiftChatCompletionsDSL",
      "state" : {
        "branch" : "main",
        "revision" : "51916abf684e96077d967bf7dd78af7ac7fe3bfd"
      }
    },
    {
      "identity" : "swiftllmtoolmacros",
      "kind" : "remoteSourceControl",
      "location" : "https://github.com/RichNasz/SwiftLLMToolMacros",
      "state" : {
        "branch" : "main",
        "revision" : "9fa3127ec5f1ee5163e451e09b48ae09d7c25fb6"
      }
    },
    {
      "identity" : "swiftopenresponsesdsl",
      "kind" : "remoteSourceControl",
      "location" : "https://github.com/RichNasz/SwiftOpenResponsesDSL",
      "state" : {
        "branch" : "main",
        "revision" : "303e80b513d54c43260c293a425600713d500e2b"
      }
    },
    {
      "identity" : "swiftopenskills",
      "kind" : "remoteSourceControl",
      "location" : "https://github.com/RichNasz/SwiftOpenSkills",
      "state" : {
        "branch" : "main",
        "revision" : "d3770bb2791eba6bc3b95ee3a7c9bc55dc8fcc39"
      }
    },
    {
      "identity" : "swiftsynapsemacros",
      "kind" : "remoteSourceControl",
      "location" : "https://github.com/RichNasz/SwiftSynapseMacros",
      "state" : {
        "branch" : "main",
        "revision" : "838a925ef3f31f5e9819d14daecb62cf17567be9"
      }
    },
    {
      "identity" : "yams",
      "kind" : "remoteSourceControl",
      "location" : "https://github.com/jpsim/Yams.git",
      "state" : {
        "revision" : "3d6871d5b4a5cd519adf233fbb576e0a2af71c17",
        "version" : "5.4.0"
      }
    }
  ],
  "version" : 3
}
